Microsoft Visual Studio Solution File, Format Version 12.00
# Visual Studio Version 17
VisualStudioVersion = 17.5.2.0
MinimumVisualStudioVersion = 10.0.40219.1
Project("{FAE04EC0-301F-11D3-BF4B-00C04F79EFBC}") = "cbm", "cbm.csproj", "{EFC32B5F-0226-4E8C-E391-645819B5AC20}"
EndProject
Global
	GlobalSection(SolutionConfigurationPlatforms) = preSolution
		Debug|Any CPU = Debug|Any CPU
		Release|Any CPU = Release|Any CPU
	EndGlobalSection
	GlobalSection(ProjectConfigurationPlatforms) = postSolution
		{EFC32B5F-0226-4E8C-E391-645819B5AC20}.Debug|Any CPU.ActiveCfg = Debug|Any CPU
		{EFC32B5F-0226-4E8C-E391-645819B5AC20}.Debug|Any CPU.Build.0 = Debug|Any CPU
		{EFC32B5F-0226-4E8C-E391-645819B5AC20}.Release|Any CPU.ActiveCfg = Release|Any CPU
		{EFC32B5F-0226-4E8C-E391-645819B5AC20}.Release|Any CPU.Build.0 = Release|Any CPU
	EndGlobalSection
	GlobalSection(SolutionProperties) = preSolution
		HideSolutionNode = FALSE
	EndGlobalSection
	GlobalSection(ExtensibilityGlobals) = postSolution
		SolutionGuid = {749D9D7D-0323-4E76-8F75-7A3B246CF0CF}
	EndGlobalSection
EndGlobal
